
Microsoft Visual Studio Solution File, Format Version 12.00
# Visual Studio Version 16
VisualStudioVersion = 16.0.32228.343
MinimumVisualStudioVersion = 10.0.40219.1
Project("{FAE04EC0-301F-11D3-BF4B-00C04F79EFBC}") = "WebApplication3", "WebApplication3\WebApplication3.csproj", "{EDC92B3A-3870-4D9E-8ED3-9B2A03C23B94}"
EndProject
Global
	GlobalSection(SolutionConfigurationPlatforms) = preSolution
		Debug|Any CPU = Debug|Any CPU
		Release|Any CPU = Release|Any CPU
	EndGlobalSection
	GlobalSection(ProjectConfigurationPlatforms) = postSolution
		{EDC92B3A-3870-4D9E-8ED3-9B2A03C23B94}.Debug|Any CPU.ActiveCfg = Debug|Any CPU
		{EDC92B3A-3870-4D9E-8ED3-9B2A03C23B94}.Debug|Any CPU.Build.0 = Debug|Any CPU
		{EDC92B3A-3870-4D9E-8ED3-9B2A03C23B94}.Release|Any CPU.ActiveCfg = Release|Any CPU
		{EDC92B3A-3870-4D9E-8ED3-9B2A03C23B94}.Release|Any CPU.Build.0 = Release|Any CPU
	EndGlobalSection
	GlobalSection(SolutionProperties) = preSolution
		HideSolutionNode = FALSE
	EndGlobalSection
	GlobalSection(ExtensibilityGlobals) = postSolution
		SolutionGuid = {67223644-6474-4BF7-B9A0-779661C77DAE}
	EndGlobalSection
EndGlobal
